// !$*UTF8*$!
{
	archiveVersion = 1;
	classes = {
	};
	objectVersion = 56;
	objects = {

/* Begin PBXBuildFile section */
		1B2ACFB42A89525F00B92A40 /* HomeViewModel.swift in Sources */ = {isa = PBXBuildFile; fileRef = 1B2ACFB32A89525F00B92A40 /* HomeViewModel.swift */; };
		1B2ACFB62A8A825900B92A40 /* StoryModel.swift in Sources */ = {isa = PBXBuildFile; fileRef = 1B2ACFB52A8A825900B92A40 /* StoryModel.swift */; };
		1B88BE582A851A830001CBAB /* SparApp.swift in Sources */ = {isa = PBXBuildFile; fileRef = 1B88BE572A851A830001CBAB /* SparApp.swift */; };
		1B88BE5A2A851A830001CBAB /* MainScreenView.swift in Sources */ = {isa = PBXBuildFile; fileRef = 1B88BE592A851A830001CBAB /* MainScreenView.swift */; };
		1B88BE5C2A851A840001CBAB /* Assets.xcassets in Resources */ = {isa = PBXBuildFile; fileRef = 1B88BE5B2A851A840001CBAB /* Assets.xcassets */; };
		1B88BE5F2A851A840001CBAB /* Preview Assets.xcassets in Resources */ = {isa = PBXBuildFile; fileRef = 1B88BE5E2A851A840001CBAB /* Preview Assets.xcassets */; };
		1B88BE692A8525FD0001CBAB /* HomeView.swift in Sources */ = {isa = PBXBuildFile; fileRef = 1B88BE682A8525FC0001CBAB /* HomeView.swift */; };
		1B88BE6C2A8542D00001CBAB /* StoriesView.swift in Sources */ = {isa = PBXBuildFile; fileRef = 1B88BE6B2A8542D00001CBAB /* StoriesView.swift */; };
		1B88BE722A85479A0001CBAB /* DiscountsView.swift in Sources */ = {isa = PBXBuildFile; fileRef = 1B88BE712A85479A0001CBAB /* DiscountsView.swift */; };
		1B88BE752A854B7A0001CBAB /* BonusCardView.swift in Sources */ = {isa = PBXBuildFile; fileRef = 1B88BE742A854B7A0001CBAB /* BonusCardView.swift */; };
		1B88BE7A2A85575C0001CBAB /* PersonalDiscountsView.swift in Sources */ = {isa = PBXBuildFile; fileRef = 1B88BE792A85575C0001CBAB /* PersonalDiscountsView.swift */; };
		1B88BE812A869A7D0001CBAB /* ProductsView.swift in Sources */ = {isa = PBXBuildFile; fileRef = 1B88BE802A869A7D0001CBAB /* ProductsView.swift */; };
		1BB6F82D2A876836004AF4E1 /* StoryView.swift in Sources */ = {isa = PBXBuildFile; fileRef = 1BB6F82C2A876836004AF4E1 /* StoryView.swift */; };
		1BB6F8332A878668004AF4E1 /* PersonalDiscountModel.swift in Sources */ = {isa = PBXBuildFile; fileRef = 1BB6F8322A878668004AF4E1 /* PersonalDiscountModel.swift */; };
		1BB6F8392A87883D004AF4E1 /* PersonalDiscountView.swift in Sources */ = {isa = PBXBuildFile; fileRef = 1BB6F8382A87883D004AF4E1 /* PersonalDiscountView.swift */; };
		1BB6F83B2A87953C004AF4E1 /* ProductView.swift in Sources */ = {isa = PBXBuildFile; fileRef = 1BB6F83A2A87953C004AF4E1 /* ProductView.swift */; };
		1BB6F83D2A879688004AF4E1 /* ProductModel.swift in Sources */ = {isa = PBXBuildFile; fileRef = 1BB6F83C2A879688004AF4E1 /* ProductModel.swift */; };
/* End PBXBuildFile section */

/* Begin PBXFileReference section */
		1B2ACFB32A89525F00B92A40 /* HomeViewModel.swift */ = {isa = PBXFileReference; lastKnownFileType = sourcecode.swift; path = HomeViewModel.swift; sourceTree = "<group>"; };
		1B2ACFB52A8A825900B92A40 /* StoryModel.swift */ = {isa = PBXFileReference; lastKnownFileType = sourcecode.swift; path = StoryModel.swift; sourceTree = "<group>"; };
		1B88BE542A851A830001CBAB /* Spar.app */ = {isa = PBXFileReference; explicitFileType = wrapper.application; includeInIndex = 0; path = Spar.app; sourceTree = BUILT_PRODUCTS_DIR; };
		1B88BE572A851A830001CBAB /* SparApp.swift */ = {isa = PBXFileReference; lastKnownFileType = sourcecode.swift; path = SparApp.swift; sourceTree = "<group>"; };
		1B88BE592A851A830001CBAB /* MainScreenView.swift */ = {isa = PBXFileReference; lastKnownFileType = sourcecode.swift; path = MainScreenView.swift; sourceTree = "<group>"; };
		1B88BE5B2A851A840001CBAB /* Assets.xcassets */ = {isa = PBXFileReference; lastKnownFileType = folder.assetcatalog; path = Assets.xcassets; sourceTree = "<group>"; };
		1B88BE5E2A851A840001CBAB /* Preview Assets.xcassets */ = {isa = PBXFileReference; lastKnownFileType = folder.assetcatalog; path = "Preview Assets.xcassets"; sourceTree = "<group>"; };
		1B88BE682A8525FC0001CBAB /* HomeView.swift */ = {isa = PBXFileReference; lastKnownFileType = sourcecode.swift; path = HomeView.swift; sourceTree = "<group>"; };
		1B88BE6B2A8542D00001CBAB /* StoriesView.swift */ = {isa = PBXFileReference; lastKnownFileType = sourcecode.swift; path = StoriesView.swift; sourceTree = "<group>"; };
		1B88BE712A85479A0001CBAB /* DiscountsView.swift */ = {isa = PBXFileReference; lastKnownFileType = sourcecode.swift; path = DiscountsView.swift; sourceTree = "<group>"; };
		1B88BE742A854B7A0001CBAB /* BonusCardView.swift */ = {isa = PBXFileReference; lastKnownFileType = sourcecode.swift; path = BonusCardView.swift; sourceTree = "<group>"; };
		1B88BE792A85575C0001CBAB /* PersonalDiscountsView.swift */ = {isa = PBXFileReference; lastKnownFileType = sourcecode.swift; path = PersonalDiscountsView.swift; sourceTree = "<group>"; };
		1B88BE802A869A7D0001CBAB /* ProductsView.swift */ = {isa = PBXFileReference; lastKnownFileType = sourcecode.swift; path = ProductsView.swift; sourceTree = "<group>"; };
		1BB6F82C2A876836004AF4E1 /* StoryView.swift */ = {isa = PBXFileReference; lastKnownFileType = sourcecode.swift; path = StoryView.swift; sourceTree = "<group>"; };
		1BB6F8322A878668004AF4E1 /* PersonalDiscountModel.swift */ = {isa = PBXFileReference; lastKnownFileType = sourcecode.swift; path = PersonalDiscountModel.swift; sourceTree = "<group>"; };
		1BB6F8382A87883D004AF4E1 /* PersonalDiscountView.swift */ = {isa = PBXFileReference; lastKnownFileType = sourcecode.swift; path = PersonalDiscountView.swift; sourceTree = "<group>"; };
		1BB6F83A2A87953C004AF4E1 /* ProductView.swift */ = {isa = PBXFileReference; lastKnownFileType = sourcecode.swift; path = ProductView.swift; sourceTree = "<group>"; };
		1BB6F83C2A879688004AF4E1 /* ProductModel.swift */ = {isa = PBXFileReference; lastKnownFileType = sourcecode.swift; path = ProductModel.swift; sourceTree = "<group>"; };
/* End PBXFileReference section */

/* Begin PBXFrameworksBuildPhase section */
		1B88BE512A851A830001CBAB /* Frameworks */ = {
			isa = PBXFrameworksBuildPhase;
			buildActionMask = 2147483647;
			files = (
			);
			runOnlyForDeploymentPostprocessing = 0;
		};
/* End PBXFrameworksBuildPhase section */

/* Begin PBXGroup section */
		1B2ACFB72A8A84DB00B92A40 /* Views */ = {
			isa = PBXGroup;
			children = (
				1B88BE6A2A8542A80001CBAB /* Stories */,
				1B88BE6E2A8547080001CBAB /* Discounts */,
				1B88BE732A854B4A0001CBAB /* BonusCard  */,
				1B88BE762A8555AE0001CBAB /* PersonalDiscounts */,
				1B88BE7D2A869A310001CBAB /* Product */,
			);
			path = Views;
			sourceTree = "<group>";
		};
		1B88BE4B2A851A830001CBAB = {
			isa = PBXGroup;
			children = (
				1B88BE562A851A830001CBAB /* Spar */,
				1B88BE552A851A830001CBAB /* Products */,
			);
			sourceTree = "<group>";
		};
		1B88BE552A851A830001CBAB /* Products */ = {
			isa = PBXGroup;
			children = (
				1B88BE542A851A830001CBAB /* Spar.app */,
			);
			name = Products;
			sourceTree = "<group>";
		};
		1B88BE562A851A830001CBAB /* Spar */ = {
			isa = PBXGroup;
			children = (
				1B88BE572A851A830001CBAB /* SparApp.swift */,
				1B88BE672A851DC60001CBAB /* MainScreen */,
				1B88BE6D2A8545ED0001CBAB /* HomeScreen */,
				1B88BE652A851D650001CBAB /* Resources */,
				1B88BE5D2A851A840001CBAB /* Preview Content */,
			);
			path = Spar;
			sourceTree = "<group>";
		};
		1B88BE5D2A851A840001CBAB /* Preview Content */ = {
			isa = PBXGroup;
			children = (
				1B88BE5E2A851A840001CBAB /* Preview Assets.xcassets */,
			);
			path = "Preview Content";
			sourceTree = "<group>";
		};
		1B88BE652A851D650001CBAB /* Resources */ = {
			isa = PBXGroup;
			children = (
				1B88BE5B2A851A840001CBAB /* Assets.xcassets */,
			);
			path = Resources;
			sourceTree = "<group>";
		};
		1B88BE672A851DC60001CBAB /* MainScreen */ = {
			isa = PBXGroup;
			children = (
				1B88BE592A851A830001CBAB /* MainScreenView.swift */,
			);
			path = MainScreen;
			sourceTree = "<group>";
		};
		1B88BE6A2A8542A80001CBAB /* Stories */ = {
			isa = PBXGroup;
			children = (
				1B88BE6B2A8542D00001CBAB /* StoriesView.swift */,
				1B2ACFB52A8A825900B92A40 /* StoryModel.swift */,
				1BB6F82C2A876836004AF4E1 /* StoryView.swift */,
			);
			path = Stories;
			sourceTree = "<group>";
		};
		1B88BE6D2A8545ED0001CBAB /* HomeScreen */ = {
			isa = PBXGroup;
			children = (
				1B88BE682A8525FC0001CBAB /* HomeView.swift */,
				1B2ACFB32A89525F00B92A40 /* HomeViewModel.swift */,
				1B2ACFB72A8A84DB00B92A40 /* Views */,
			);
			path = HomeScreen;
			sourceTree = "<group>";
		};
		1B88BE6E2A8547080001CBAB /* Discounts */ = {
			isa = PBXGroup;
			children = (
				1B88BE712A85479A0001CBAB /* DiscountsView.swift */,
			);
			path = Discounts;
			sourceTree = "<group>";
		};
		1B88BE732A854B4A0001CBAB /* BonusCard  */ = {
			isa = PBXGroup;
			children = (
				1B88BE742A854B7A0001CBAB /* BonusCardView.swift */,
			);
			path = "BonusCard ";
			sourceTree = "<group>";
		};
		1B88BE762A8555AE0001CBAB /* PersonalDiscounts */ = {
			isa = PBXGroup;
			children = (
				1B88BE792A85575C0001CBAB /* PersonalDiscountsView.swift */,
				1BB6F8322A878668004AF4E1 /* PersonalDiscountModel.swift */,
				1BB6F8382A87883D004AF4E1 /* PersonalDiscountView.swift */,
			);
			path = PersonalDiscounts;
			sourceTree = "<group>";
		};
		1B88BE7D2A869A310001CBAB /* Product */ = {
			isa = PBXGroup;
			children = (
				1B88BE802A869A7D0001CBAB /* ProductsView.swift */,
				1BB6F83C2A879688004AF4E1 /* ProductModel.swift */,
				1BB6F83A2A87953C004AF4E1 /* ProductView.swift */,
			);
			path = Product;
			sourceTree = "<group>";
		};
/* End PBXGroup section */

/* Begin PBXNativeTarget section */
		1B88BE532A851A830001CBAB /* Spar */ = {
			isa = PBXNativeTarget;
			buildConfigurationList = 1B88BE622A851A840001CBAB /* Build configuration list for PBXNativeTarget "Spar" */;
			buildPhases = (
				1B88BE502A851A830001CBAB /* Sources */,
				1B88BE512A851A830001CBAB /* Frameworks */,
				1B88BE522A851A830001CBAB /* Resources */,
			);
			buildRules = (
			);
			dependencies = (
			);
			name = Spar;
			productName = Spar;
			productReference = 1B88BE542A851A830001CBAB /* Spar.app */;
			productType = "com.apple.product-type.application";
		};
/* End PBXNativeTarget section */

/* Begin PBXProject section */
		1B88BE4C2A851A830001CBAB /* Project object */ = {
			isa = PBXProject;
			attributes = {
				BuildIndependentTargetsInParallel = 1;
				LastSwiftUpdateCheck = 1430;
				LastUpgradeCheck = 1430;
				TargetAttributes = {
					1B88BE532A851A830001CBAB = {
						CreatedOnToolsVersion = 14.3.1;
					};
				};
			};
			buildConfigurationList = 1B88BE4F2A851A830001CBAB /* Build configuration list for PBXProject "Spar" */;
			compatibilityVersion = "Xcode 14.0";
			developmentRegion = en;
			hasScannedForEncodings = 0;
			knownRegions = (
				en,
				Base,
			);
			mainGroup = 1B88BE4B2A851A830001CBAB;
			productRefGroup = 1B88BE552A851A830001CBAB /* Products */;
			projectDirPath = "";
			projectRoot = "";
			targets = (
				1B88BE532A851A830001CBAB /* Spar */,
			);
		};
/* End PBXProject section */

/* Begin PBXResourcesBuildPhase section */
		1B88BE522A851A830001CBAB /* Resources */ = {
			isa = PBXResourcesBuildPhase;
			buildActionMask = 2147483647;
			files = (
				1B88BE5F2A851A840001CBAB /* Preview Assets.xcassets in Resources */,
				1B88BE5C2A851A840001CBAB /* Assets.xcassets in Resources */,
			);
			runOnlyForDeploymentPostprocessing = 0;
		};
/* End PBXResourcesBuildPhase section */

/* Begin PBXSourcesBuildPhase section */
		1B88BE502A851A830001CBAB /* Sources */ = {
			isa = PBXSourcesBuildPhase;
			buildActionMask = 2147483647;
			files = (
				1B88BE812A869A7D0001CBAB /* ProductsView.swift in Sources */,
				1B2ACFB42A89525F00B92A40 /* HomeViewModel.swift in Sources */,
				1B88BE692A8525FD0001CBAB /* HomeView.swift in Sources */,
				1BB6F8332A878668004AF4E1 /* PersonalDiscountModel.swift in Sources */,
				1BB6F8392A87883D004AF4E1 /* PersonalDiscountView.swift in Sources */,
				1B88BE7A2A85575C0001CBAB /* PersonalDiscountsView.swift in Sources */,
				1B88BE5A2A851A830001CBAB /* MainScreenView.swift in Sources */,
				1B88BE752A854B7A0001CBAB /* BonusCardView.swift in Sources */,
				1B88BE722A85479A0001CBAB /* DiscountsView.swift in Sources */,
				1B88BE582A851A830001CBAB /* SparApp.swift in Sources */,
				1BB6F83B2A87953C004AF4E1 /* ProductView.swift in Sources */,
				1B2ACFB62A8A825900B92A40 /* StoryModel.swift in Sources */,
				1BB6F82D2A876836004AF4E1 /* StoryView.swift in Sources */,
				1B88BE6C2A8542D00001CBAB /* StoriesView.swift in Sources */,
				1BB6F83D2A879688004AF4E1 /* ProductModel.swift in Sources */,
			);
			runOnlyForDeploymentPostprocessing = 0;
		};
/* End PBXSourcesBuildPhase section */

/* Begin XCBuildConfiguration section */
		1B88BE602A851A840001CBAB /* Debug */ = {
			isa = XCBuildConfiguration;
			buildSettings = {
				ALWAYS_SEARCH_USER_PATHS = NO;
				CLANG_ANALYZER_NONNULL = YES;
				CLANG_ANALYZER_NUMBER_OBJECT_CONVERSION = YES_AGGRESSIVE;
				CLANG_CXX_LANGUAGE_STANDARD = "gnu++20";
				CLANG_ENABLE_MODULES = YES;
				CLANG_ENABLE_OBJC_ARC = YES;
				CLANG_ENABLE_OBJC_WEAK = YES;
				CLANG_WARN_BLOCK_CAPTURE_AUTORELEASING = YES;
				CLANG_WARN_BOOL_CONVERSION = YES;
				CLANG_WARN_COMMA = YES;
				CLANG_WARN_CONSTANT_CONVERSION = YES;
				CLANG_WARN_DEPRECATED_OBJC_IMPLEMENTATIONS = YES;
				CLANG_WARN_DIRECT_OBJC_ISA_USAGE = YES_ERROR;
				CLANG_WARN_DOCUMENTATION_COMMENTS = YES;
				CLANG_WARN_EMPTY_BODY = YES;
				CLANG_WARN_ENUM_CONVERSION = YES;
				CLANG_WARN_INFINITE_RECURSION = YES;
				CLANG_WARN_INT_CONVERSION = YES;
				CLANG_WARN_NON_LITERAL_NULL_CONVERSION = YES;
				CLANG_WARN_OBJC_IMPLICIT_RETAIN_SELF = YES;
				CLANG_WARN_OBJC_LITERAL_CONVERSION = YES;
				CLANG_WARN_OBJC_ROOT_CLASS = YES_ERROR;
				CLANG_WARN_QUOTED_INCLUDE_IN_FRAMEWORK_HEADER = YES;
				CLANG_WARN_RANGE_LOOP_ANALYSIS = YES;
				CLANG_WARN_STRICT_PROTOTYPES = YES;
				CLANG_WARN_SUSPICIOUS_MOVE = YES;
				CLANG_WARN_UNGUARDED_AVAILABILITY = YES_AGGRESSIVE;
				CLANG_WARN_UNREACHABLE_CODE = YES;
				CLANG_WARN__DUPLICATE_METHOD_MATCH = YES;
				COPY_PHASE_STRIP = NO;
				DEBUG_INFORMATION_FORMAT = dwarf;
				ENABLE_STRICT_OBJC_MSGSEND = YES;
				ENABLE_TESTABILITY = YES;
				GCC_C_LANGUAGE_STANDARD = gnu11;
				GCC_DYNAMIC_NO_PIC = NO;
				GCC_NO_COMMON_BLOCKS = YES;
				GCC_OPTIMIZATION_LEVEL = 0;
				GCC_PREPROCESSOR_DEFINITIONS = (
					"DEBUG=1",
					"$(inherited)",
				);
				GCC_WARN_64_TO_32_BIT_CONVERSION = YES;
				GCC_WARN_ABOUT_RETURN_TYPE = YES_ERROR;
				GCC_WARN_UNDECLARED_SELECTOR = YES;
				GCC_WARN_UNINITIALIZED_AUTOS = YES_AGGRESSIVE;
				GCC_WARN_UNUSED_FUNCTION = YES;
				GCC_WARN_UNUSED_VARIABLE = YES;
				IPHONEOS_DEPLOYMENT_TARGET = 16.4;
				MTL_ENABLE_DEBUG_INFO = INCLUDE_SOURCE;
				MTL_FAST_MATH = YES;
				ONLY_ACTIVE_ARCH = YES;
				SDKROOT = iphoneos;
				SWIFT_ACTIVE_COMPILATION_CONDITIONS = DEBUG;
				SWIFT_OPTIMIZATION_LEVEL = "-Onone";
			};
			name = Debug;
		};
		1B88BE612A851A840001CBAB /* Release */ = {
			isa = XCBuildConfiguration;
			buildSettings = {
				ALWAYS_SEARCH_USER_PATHS = NO;
				CLANG_ANALYZER_NONNULL = YES;
				CLANG_ANALYZER_NUMBER_OBJECT_CONVERSION = YES_AGGRESSIVE;
				CLANG_CXX_LANGUAGE_STANDARD = "gnu++20";
				CLANG_ENABLE_MODULES = YES;
				CLANG_ENABLE_OBJC_ARC = YES;
				CLANG_ENABLE_OBJC_WEAK = YES;
				CLANG_WARN_BLOCK_CAPTURE_AUTORELEASING = YES;
				CLANG_WARN_BOOL_CONVERSION = YES;
				CLANG_WARN_COMMA = YES;
				CLANG_WARN_CONSTANT_CONVERSION = YES;
				CLANG_WARN_DEPRECATED_OBJC_IMPLEMENTATIONS = YES;
				CLANG_WARN_DIRECT_OBJC_ISA_USAGE = YES_ERROR;
				CLANG_WARN_DOCUMENTATION_COMMENTS = YES;
				CLANG_WARN_EMPTY_BODY = YES;
				CLANG_WARN_ENUM_CONVERSION = YES;
				CLANG_WARN_INFINITE_RECURSION = YES;
				CLANG_WARN_INT_CONVERSION = YES;
				CLANG_WARN_NON_LITERAL_NULL_CONVERSION = YES;
				CLANG_WARN_OBJC_IMPLICIT_RETAIN_SELF = YES;
				CLANG_WARN_OBJC_LITERAL_CONVERSION = YES;
				CLANG_WARN_OBJC_ROOT_CLASS = YES_ERROR;
				CLANG_WARN_QUOTED_INCLUDE_IN_FRAMEWORK_HEADER = YES;
				CLANG_WARN_RANGE_LOOP_ANALYSIS = YES;
				CLANG_WARN_STRICT_PROTOTYPES = YES;
				CLANG_WARN_SUSPICIOUS_MOVE = YES;
				CLANG_WARN_UNGUARDED_AVAILABILITY = YES_AGGRESSIVE;
				CLANG_WARN_UNREACHABLE_CODE = YES;
				CLANG_WARN__DUPLICATE_METHOD_MATCH = YES;
				COPY_PHASE_STRIP = NO;
				DEBUG_INFORMATION_FORMAT = "dwarf-with-dsym";
				ENABLE_NS_ASSERTIONS = NO;
				ENABLE_STRICT_OBJC_MSGSEND = YES;
				GCC_C_LANGUAGE_STANDARD = gnu11;
				GCC_NO_COMMON_BLOCKS = YES;
				GCC_WARN_64_TO_32_BIT_CONVERSION = YES;
				GCC_WARN_ABOUT_RETURN_TYPE = YES_ERROR;
				GCC_WARN_UNDECLARED_SELECTOR = YES;
				GCC_WARN_UNINITIALIZED_AUTOS = YES_AGGRESSIVE;
				GCC_WARN_UNUSED_FUNCTION = YES;
				GCC_WARN_UNUSED_VARIABLE = YES;
				IPHONEOS_DEPLOYMENT_TARGET = 16.4;
				MTL_ENABLE_DEBUG_INFO = NO;
				MTL_FAST_MATH = YES;
				SDKROOT = iphoneos;
				SWIFT_COMPILATION_MODE = wholemodule;
				SWIFT_OPTIMIZATION_LEVEL = "-O";
				VALIDATE_PRODUCT = YES;
			};
			name = Release;
		};
		1B88BE632A851A840001CBAB /* Debug */ = {
			isa = XCBuildConfiguration;
			buildSettings = {
				ASSETCATALOG_COMPILER_APPICON_NAME = AppIcon;
				ASSETCATALOG_COMPILER_GLOBAL_ACCENT_COLOR_NAME = AccentColor;
				CODE_SIGN_STYLE = Automatic;
				CURRENT_PROJECT_VERSION = 1;
				DEVELOPMENT_ASSET_PATHS = "\"Spar/Preview Content\"";
				ENABLE_PREVIEWS = YES;
				GENERATE_INFOPLIST_FILE = YES;
				INFOPLIST_KEY_UIApplicationSceneManifest_Generation = YES;
				INFOPLIST_KEY_UIApplicationSupportsIndirectInputEvents = YES;
				INFOPLIST_KEY_UILaunchScreen_Generation = YES;
				INFOPLIST_KEY_UISupportedInterfaceOrientations = UIInterfaceOrientationPortrait;
				INFOPLIST_KEY_UISupportedInterfaceOrientations_iPad = "UIInterfaceOrientationLandscapeLeft UIInterfaceOrientationLandscapeRight UIInterfaceOrientationPortrait UIInterfaceOrientationPortraitUpsideDown";
				IPHONEOS_DEPLOYMENT_TARGET = 14.0;
				LD_RUNPATH_SEARCH_PATHS = (
					"$(inherited)",
					"@executable_path/Frameworks",
				);
				MARKETING_VERSION = 1.0;
				PRODUCT_BUNDLE_IDENTIFIER = com.SkokDmitriy.Spar;
				PRODUCT_NAME = "$(TARGET_NAME)";
				SUPPORTED_PLATFORMS = "iphoneos iphonesimulator";
				SUPPORTS_MACCATALYST = NO;
				SUPPORTS_MAC_DESIGNED_FOR_IPHONE_IPAD = NO;
				SWIFT_EMIT_LOC_STRINGS = YES;
				SWIFT_VERSION = 5.0;
				TARGETED_DEVICE_FAMILY = 1;
			};
			name = Debug;
		};
		1B88BE642A851A840001CBAB /* Release */ = {
			isa = XCBuildConfiguration;
			buildSettings = {
				ASSETCATALOG_COMPILER_APPICON_NAME = AppIcon;
				ASSETCATALOG_COMPILER_GLOBAL_ACCENT_COLOR_NAME = AccentColor;
				CODE_SIGN_STYLE = Automatic;
				CURRENT_PROJECT_VERSION = 1;
				DEVELOPMENT_ASSET_PATHS = "\"Spar/Preview Content\"";
				ENABLE_PREVIEWS = YES;
				GENERATE_INFOPLIST_FILE = YES;
				INFOPLIST_KEY_UIApplicationSceneManifest_Generation = YES;
				INFOPLIST_KEY_UIApplicationSupportsIndirectInputEvents = YES;
				INFOPLIST_KEY_UILaunchScreen_Generation = YES;
				INFOPLIST_KEY_UISupportedInterfaceOrientations = UIInterfaceOrientationPortrait;
				INFOPLIST_KEY_UISupportedInterfaceOrientations_iPad = "UIInterfaceOrientationLandscapeLeft UIInterfaceOrientationLandscapeRight UIInterfaceOrientationPortrait UIInterfaceOrientationPortraitUpsideDown";
				IPHONEOS_DEPLOYMENT_TARGET = 14.0;
				LD_RUNPATH_SEARCH_PATHS = (
					"$(inherited)",
					"@executable_path/Frameworks",
				);
				MARKETING_VERSION = 1.0;
				PRODUCT_BUNDLE_IDENTIFIER = com.SkokDmitriy.Spar;
				PRODUCT_NAME = "$(TARGET_NAME)";
				SUPPORTED_PLATFORMS = "iphoneos iphonesimulator";
				SUPPORTS_MACCATALYST = NO;
				SUPPORTS_MAC_DESIGNED_FOR_IPHONE_IPAD = NO;
				SWIFT_EMIT_LOC_STRINGS = YES;
				SWIFT_VERSION = 5.0;
				TARGETED_DEVICE_FAMILY = 1;
			};
			name = Release;
		};
/* End XCBuildConfiguration section */

/* Begin XCConfigurationList section */
		1B88BE4F2A851A830001CBAB /* Build configuration list for PBXProject "Spar" */ = {
			isa = XCConfigurationList;
			buildConfigurations = (
				1B88BE602A851A840001CBAB /* Debug */,
				1B88BE612A851A840001CBAB /* Release */,
			);
			defaultConfigurationIsVisible = 0;
			defaultConfigurationName = Release;
		};
		1B88BE622A851A840001CBAB /* Build configuration list for PBXNativeTarget "Spar" */ = {
			isa = XCConfigurationList;
			buildConfigurations = (
				1B88BE632A851A840001CBAB /* Debug */,
				1B88BE642A851A840001CBAB /* Release */,
			);
			defaultConfigurationIsVisible = 0;
			defaultConfigurationName = Release;
		};
/* End XCConfigurationList section */
	};
	rootObject = 1B88BE4C2A851A830001CBAB /* Project object */;
}
